{"packages":{"rikulo_gap":{"version":"0.5.1+1","source":"git","description":{"url":"https://github.com/rikulo/gap.git","ref":null,"resolved-ref":"56816b5ffbee6cb56de5b366153a2e26f84a15c1"}},"js":{"version":"0.0.13","source":"hosted","description":"js"},"rikulo":{"version":"0.6.1","source":"hosted","description":"rikulo"},"rikulo_commons":{"version":"0.6.1+3","source":"hosted","description":"rikulo_commons"},"unittest":{"version":"0.2.9+7","source":"hosted","description":"unittest"}}}